
Microsoft Visual Studio Solution File, Format Version 12.00
# Visual Studio Version 17
VisualStudioVersion = 17.9.34723.18
MinimumVisualStudioVersion = 10.0.40219.1
Project("{FAE04EC0-301F-11D3-BF4B-00C04F79EFBC}") = "SemanticKernalOllamaConnection", "SemanticKernalOllamaConnection.csproj", "{679025CE-3AFA-457E-96BE-DBD6D5FD8A8E}"
EndProject
Global
	GlobalSection(SolutionConfigurationPlatforms) = preSolution
		Debug|Any CPU = Debug|Any CPU
		Release|Any CPU = Release|Any CPU
	EndGlobalSection
	GlobalSection(ProjectConfigurationPlatforms) = postSolution
		{679025CE-3AFA-457E-96BE-DBD6D5FD8A8E}.Debug|Any CPU.ActiveCfg = Debug|Any CPU
		{679025CE-3AFA-457E-96BE-DBD6D5FD8A8E}.Debug|Any CPU.Build.0 = Debug|Any CPU
		{679025CE-3AFA-457E-96BE-DBD6D5FD8A8E}.Release|Any CPU.ActiveCfg = Release|Any CPU
		{679025CE-3AFA-457E-96BE-DBD6D5FD8A8E}.Release|Any CPU.Build.0 = Release|Any CPU
	EndGlobalSection
	GlobalSection(SolutionProperties) = preSolution
		HideSolutionNode = FALSE
	EndGlobalSection
	GlobalSection(ExtensibilityGlobals) = postSolution
		SolutionGuid = {DE03C008-39EC-4F5E-8E85-3011DC5F28A2}
	EndGlobalSection
EndGlobal
